<?xml version="1.0" encoding="UTF-8" standalone="yes" ?>
<CodeBlocks_project_file>
	<FileVersion major="1" minor="6" />
	<Project>
		<Option title="FutbolManager" />
		<Option pch_mode="2" />
		<Option compiler="gcc" />
		<Build>
			<Target title="Debug">
				<Option output="bin/Debug/FutbolManager" prefix_auto="1" extension_auto="1" />
				<Option object_output="obj/Debug/" />
				<Option type="1" />
				<Option compiler="gcc" />
				<Compiler>
					<Add option="-g" />
				</Compiler>
			</Target>
			<Target title="Release">
				<Option output="bin/Release/FutbolManager" prefix_auto="1" extension_auto="1" />
				<Option object_output="obj/Release/" />
				<Option type="1" />
				<Option compiler="gcc" />
				<Compiler>
					<Add option="-O2" />
				</Compiler>
				<Linker>
					<Add option="-s" />
				</Linker>
			</Target>
		</Build>
		<Compiler>
			<Add option="-Wall" />
		</Compiler>
		<Unit filename="Ajustes/Ajustes.c">
			<Option compilerVar="CC" />
		</Unit>
		<Unit filename="Ajustes/Ajustes.h" />
		<Unit filename="InicioUsuario/GraficaIncio.c">
			<Option compilerVar="CC" />
		</Unit>
		<Unit filename="InicioUsuario/GraficaInicio.h" />
		<Unit filename="InicioUsuario/InterfazInicio.c">
			<Option compilerVar="CC" />
		</Unit>
		<Unit filename="InicioUsuario/InterfazInicio.h" />
		<Unit filename="InicioUsuario/OpcionesInicio.c">
			<Option compilerVar="CC" />
		</Unit>
		<Unit filename="InicioUsuario/OpcionesInicio.h" />
		<Unit filename="InterfazSistema/DatosUsuario.c">
			<Option compilerVar="CC" />
		</Unit>
		<Unit filename="InterfazSistema/DatosUsuario.h" />
		<Unit filename="InterfazSistema/SistemaEquipos.c">
			<Option compilerVar="CC" />
		</Unit>
		<Unit filename="InterfazSistema/SistemaEquipos.h" />
		<Unit filename="InterfazSistema/finTemporada.c">
			<Option compilerVar="CC" />
		</Unit>
		<Unit filename="InterfazSistema/finTemporada.h" />
		<Unit filename="InterfazSistema/iniciarPartido.c">
			<Option compilerVar="CC" />
		</Unit>
		<Unit filename="InterfazSistema/iniciarPartido.h" />
		<Unit filename="InterfazUsuario/InterfazGrafica.c">
			<Option compilerVar="CC" />
		</Unit>
		<Unit filename="InterfazUsuario/InterfazGrafica.h" />
		<Unit filename="InterfazUsuario/InterfazUsuario.c">
			<Option compilerVar="CC" />
		</Unit>
		<Unit filename="InterfazUsuario/InterfazUsuario.h" />
		<Unit filename="Online/PartidoRapido.c">
			<Option compilerVar="CC" />
		</Unit>
		<Unit filename="Online/PartidoRapido.h" />
		<Unit filename="Online/VerUsuarios.c">
			<Option compilerVar="CC" />
		</Unit>
		<Unit filename="Online/VerUsuarios.h" />
		<Unit filename="main.c">
			<Option compilerVar="CC" />
		</Unit>
		<Extensions>
			<code_completion />
			<envvars />
			<debugger />
		</Extensions>
	</Project>
</CodeBlocks_project_file>
